
Microsoft Visual Studio Solution File, Format Version 12.00
# Visual Studio Version 17
VisualStudioVersion = 17.10.35027.167
MinimumVisualStudioVersion = 10.0.40219.1
Project("{FAE04EC0-301F-11D3-BF4B-00C04F79EFBC}") = "Promerica", "Promerica\Promerica.csproj", "{F9D970D2-C9E7-42A0-AF83-33CE8DFD96AE}"
EndProject
Global
	GlobalSection(SolutionConfigurationPlatforms) = preSolution
		Debug|Any CPU = Debug|Any CPU
		Release|Any CPU = Release|Any CPU
	EndGlobalSection
	GlobalSection(ProjectConfigurationPlatforms) = postSolution
		{F9D970D2-C9E7-42A0-AF83-33CE8DFD96AE}.Debug|Any CPU.ActiveCfg = Debug|Any CPU
		{F9D970D2-C9E7-42A0-AF83-33CE8DFD96AE}.Debug|Any CPU.Build.0 = Debug|Any CPU
		{F9D970D2-C9E7-42A0-AF83-33CE8DFD96AE}.Release|Any CPU.ActiveCfg = Release|Any CPU
		{F9D970D2-C9E7-42A0-AF83-33CE8DFD96AE}.Release|Any CPU.Build.0 = Release|Any CPU
	EndGlobalSection
	GlobalSection(SolutionProperties) = preSolution
		HideSolutionNode = FALSE
	EndGlobalSection
	GlobalSection(ExtensibilityGlobals) = postSolution
		SolutionGuid = {17569756-FDAE-4011-B8E7-3195DF885A15}
	EndGlobalSection
EndGlobal
